
Microsoft Visual Studio Solution File, Format Version 12.00
# Visual Studio Version 17
VisualStudioVersion = 17.11.35303.130
MinimumVisualStudioVersion = 10.0.40219.1
Project("{FAE04EC0-301F-11D3-BF4B-00C04F79EFBC}") = "UI", "UI\UI.csproj", "{37B60BA6-B6B0-434C-A13C-B54653C67191}"
EndProject
Global
	GlobalSection(SolutionConfigurationPlatforms) = preSolution
		Debug|Any CPU = Debug|Any CPU
		Release|Any CPU = Release|Any CPU
	EndGlobalSection
	GlobalSection(ProjectConfigurationPlatforms) = postSolution
		{37B60BA6-B6B0-434C-A13C-B54653C67191}.Debug|Any CPU.ActiveCfg = Debug|Any CPU
		{37B60BA6-B6B0-434C-A13C-B54653C67191}.Debug|Any CPU.Build.0 = Debug|Any CPU
		{37B60BA6-B6B0-434C-A13C-B54653C67191}.Release|Any CPU.ActiveCfg = Release|Any CPU
		{37B60BA6-B6B0-434C-A13C-B54653C67191}.Release|Any CPU.Build.0 = Release|Any CPU
	EndGlobalSection
	GlobalSection(SolutionProperties) = preSolution
		HideSolutionNode = FALSE
	EndGlobalSection
	GlobalSection(ExtensibilityGlobals) = postSolution
		SolutionGuid = {6DFD5A6F-BE29-45CE-A1AE-B4AC82D7442D}
	EndGlobalSection
EndGlobal
